// !$*UTF8*$!
{
	archiveVersion = 1;
	classes = {
	};
	objectVersion = 55;
	objects = {

/* Begin PBXBuildFile section */
		375CFAEA284DF05C00B80FA9 /* ExpensesTrackerApp.swift in Sources */ = {isa = PBXBuildFile; fileRef = 375CFAE9284DF05C00B80FA9 /* ExpensesTrackerApp.swift */; };
		375CFAEC284DF05C00B80FA9 /* MainView.swift in Sources */ = {isa = PBXBuildFile; fileRef = 375CFAEB284DF05C00B80FA9 /* MainView.swift */; };
		375CFAEE284DF06300B80FA9 /* Assets.xcassets in Resources */ = {isa = PBXBuildFile; fileRef = 375CFAED284DF06300B80FA9 /* Assets.xcassets */; };
		375CFAF1284DF06300B80FA9 /* Preview Assets.xcassets in Resources */ = {isa = PBXBuildFile; fileRef = 375CFAF0284DF06300B80FA9 /* Preview Assets.xcassets */; };
		375CFAFD284E050A00B80FA9 /* ListView.swift in Sources */ = {isa = PBXBuildFile; fileRef = 375CFAFC284E050A00B80FA9 /* ListView.swift */; };
		375CFAFF284E052600B80FA9 /* InsightsView.swift in Sources */ = {isa = PBXBuildFile; fileRef = 375CFAFE284E052600B80FA9 /* InsightsView.swift */; };
		375CFB01284E053100B80FA9 /* SettingsView.swift in Sources */ = {isa = PBXBuildFile; fileRef = 375CFB00284E053100B80FA9 /* SettingsView.swift */; };
		375CFB04284E211800B80FA9 /* Expenses.xcdatamodeld in Sources */ = {isa = PBXBuildFile; fileRef = 375CFB02284E211800B80FA9 /* Expenses.xcdatamodeld */; };
		377621E3284F3FEC005180CB /* AddExpenseView.swift in Sources */ = {isa = PBXBuildFile; fileRef = 377621E2284F3FEC005180CB /* AddExpenseView.swift */; };
		377621E5284F529A005180CB /* Color+Extensions.swift in Sources */ = {isa = PBXBuildFile; fileRef = 377621E4284F529A005180CB /* Color+Extensions.swift */; };
		377621E8284F5992005180CB /* KeyboardNumbers.swift in Sources */ = {isa = PBXBuildFile; fileRef = 377621E7284F5992005180CB /* KeyboardNumbers.swift */; };
		377621EA284F5A7A005180CB /* Button+Extensions.swift in Sources */ = {isa = PBXBuildFile; fileRef = 377621E9284F5A7A005180CB /* Button+Extensions.swift */; };
		377621EC284F71D6005180CB /* Category.swift in Sources */ = {isa = PBXBuildFile; fileRef = 377621EB284F71D6005180CB /* Category.swift */; };
		377621F0284F8EA3005180CB /* CategoriesViewModel.swift in Sources */ = {isa = PBXBuildFile; fileRef = 377621EF284F8EA3005180CB /* CategoriesViewModel.swift */; };
		377621F3284FBB3E005180CB /* SheetAddButton.swift in Sources */ = {isa = PBXBuildFile; fileRef = 377621F2284FBB3E005180CB /* SheetAddButton.swift */; };
		377621F528507ECD005180CB /* CoreDataManager.swift in Sources */ = {isa = PBXBuildFile; fileRef = 377621F428507ECD005180CB /* CoreDataManager.swift */; };
		37CFA244285395FE00B59CA7 /* Date+Extensions.swift in Sources */ = {isa = PBXBuildFile; fileRef = 37CFA243285395FE00B59CA7 /* Date+Extensions.swift */; };
		37CFA2462853967200B59CA7 /* Calendar+Extensions.swift in Sources */ = {isa = PBXBuildFile; fileRef = 37CFA2452853967200B59CA7 /* Calendar+Extensions.swift */; };
		37CFA24828579EB500B59CA7 /* ChartData.swift in Sources */ = {isa = PBXBuildFile; fileRef = 37CFA24728579EB500B59CA7 /* ChartData.swift */; };
		37CFA24A2858A8A200B59CA7 /* Image+Extensions.swift in Sources */ = {isa = PBXBuildFile; fileRef = 37CFA2492858A8A200B59CA7 /* Image+Extensions.swift */; };
		37CFA24C2858ACB000B59CA7 /* EntriesListRowView.swift in Sources */ = {isa = PBXBuildFile; fileRef = 37CFA24B2858ACB000B59CA7 /* EntriesListRowView.swift */; };
		37CFA24E2858ADC900B59CA7 /* EntriesListHeaderView.swift in Sources */ = {isa = PBXBuildFile; fileRef = 37CFA24D2858ADC900B59CA7 /* EntriesListHeaderView.swift */; };
		37CFA2512858D1D400B59CA7 /* AddCategoryView.swift in Sources */ = {isa = PBXBuildFile; fileRef = 37CFA2502858D1D400B59CA7 /* AddCategoryView.swift */; };
		37CFA253287454F500B59CA7 /* String+Extensions.swift in Sources */ = {isa = PBXBuildFile; fileRef = 37CFA252287454F500B59CA7 /* String+Extensions.swift */; };
		37F786A42850A1A700B5B720 /* ListViewModel.swift in Sources */ = {isa = PBXBuildFile; fileRef = 37F786A32850A1A700B5B720 /* ListViewModel.swift */; };
		37F786A72850DBBB00B5B720 /* Collections in Frameworks */ = {isa = PBXBuildFile; productRef = 37F786A62850DBBB00B5B720 /* Collections */; };
		37F786A92850DBBB00B5B720 /* OrderedCollections in Frameworks */ = {isa = PBXBuildFile; productRef = 37F786A82850DBBB00B5B720 /* OrderedCollections */; };
/* End PBXBuildFile section */

/* Begin PBXFileReference section */
		375CFAE6284DF05C00B80FA9 /* ExpensesTracker.app */ = {isa = PBXFileReference; explicitFileType = wrapper.application; includeInIndex = 0; path = ExpensesTracker.app; sourceTree = BUILT_PRODUCTS_DIR; };
		375CFAE9284DF05C00B80FA9 /* ExpensesTrackerApp.swift */ = {isa = PBXFileReference; lastKnownFileType = sourcecode.swift; path = ExpensesTrackerApp.swift; sourceTree = "<group>"; };
		375CFAEB284DF05C00B80FA9 /* MainView.swift */ = {isa = PBXFileReference; lastKnownFileType = sourcecode.swift; path = MainView.swift; sourceTree = "<group>"; };
		375CFAED284DF06300B80FA9 /* Assets.xcassets */ = {isa = PBXFileReference; lastKnownFileType = folder.assetcatalog; path = Assets.xcassets; sourceTree = "<group>"; };
		375CFAF0284DF06300B80FA9 /* Preview Assets.xcassets */ = {isa = PBXFileReference; lastKnownFileType = folder.assetcatalog; path = "Preview Assets.xcassets"; sourceTree = "<group>"; };
		375CFAFC284E050A00B80FA9 /* ListView.swift */ = {isa = PBXFileReference; lastKnownFileType = sourcecode.swift; path = ListView.swift; sourceTree = "<group>"; };
		375CFAFE284E052600B80FA9 /* InsightsView.swift */ = {isa = PBXFileReference; lastKnownFileType = sourcecode.swift; path = InsightsView.swift; sourceTree = "<group>"; };
		375CFB00284E053100B80FA9 /* SettingsView.swift */ = {isa = PBXFileReference; lastKnownFileType = sourcecode.swift; path = SettingsView.swift; sourceTree = "<group>"; };
		375CFB03284E211800B80FA9 /* Expenses.xcdatamodel */ = {isa = PBXFileReference; lastKnownFileType = wrapper.xcdatamodel; path = Expenses.xcdatamodel; sourceTree = "<group>"; };
		377621E2284F3FEC005180CB /* AddExpenseView.swift */ = {isa = PBXFileReference; lastKnownFileType = sourcecode.swift; path = AddExpenseView.swift; sourceTree = "<group>"; };
		377621E4284F529A005180CB /* Color+Extensions.swift */ = {isa = PBXFileReference; lastKnownFileType = sourcecode.swift; path = "Color+Extensions.swift"; sourceTree = "<group>"; };
		377621E7284F5992005180CB /* KeyboardNumbers.swift */ = {isa = PBXFileReference; lastKnownFileType = sourcecode.swift; path = KeyboardNumbers.swift; sourceTree = "<group>"; };
		377621E9284F5A7A005180CB /* Button+Extensions.swift */ = {isa = PBXFileReference; lastKnownFileType = sourcecode.swift; path = "Button+Extensions.swift"; sourceTree = "<group>"; };
		377621EB284F71D6005180CB /* Category.swift */ = {isa = PBXFileReference; lastKnownFileType = sourcecode.swift; path = Category.swift; sourceTree = "<group>"; };
		377621EF284F8EA3005180CB /* CategoriesViewModel.swift */ = {isa = PBXFileReference; lastKnownFileType = sourcecode.swift; path = CategoriesViewModel.swift; sourceTree = "<group>"; };
		377621F2284FBB3E005180CB /* SheetAddButton.swift */ = {isa = PBXFileReference; lastKnownFileType = sourcecode.swift; path = SheetAddButton.swift; sourceTree = "<group>"; };
		377621F428507ECD005180CB /* CoreDataManager.swift */ = {isa = PBXFileReference; lastKnownFileType = sourcecode.swift; path = CoreDataManager.swift; sourceTree = "<group>"; };
		37CFA243285395FE00B59CA7 /* Date+Extensions.swift */ = {isa = PBXFileReference; lastKnownFileType = sourcecode.swift; path = "Date+Extensions.swift"; sourceTree = "<group>"; };
		37CFA2452853967200B59CA7 /* Calendar+Extensions.swift */ = {isa = PBXFileReference; lastKnownFileType = sourcecode.swift; path = "Calendar+Extensions.swift"; sourceTree = "<group>"; };
		37CFA24728579EB500B59CA7 /* ChartData.swift */ = {isa = PBXFileReference; lastKnownFileType = sourcecode.swift; path = ChartData.swift; sourceTree = "<group>"; };
		37CFA2492858A8A200B59CA7 /* Image+Extensions.swift */ = {isa = PBXFileReference; lastKnownFileType = sourcecode.swift; path = "Image+Extensions.swift"; sourceTree = "<group>"; };
		37CFA24B2858ACB000B59CA7 /* EntriesListRowView.swift */ = {isa = PBXFileReference; lastKnownFileType = sourcecode.swift; path = EntriesListRowView.swift; sourceTree = "<group>"; };
		37CFA24D2858ADC900B59CA7 /* EntriesListHeaderView.swift */ = {isa = PBXFileReference; lastKnownFileType = sourcecode.swift; path = EntriesListHeaderView.swift; sourceTree = "<group>"; };
		37CFA2502858D1D400B59CA7 /* AddCategoryView.swift */ = {isa = PBXFileReference; lastKnownFileType = sourcecode.swift; path = AddCategoryView.swift; sourceTree = "<group>"; };
		37CFA252287454F500B59CA7 /* String+Extensions.swift */ = {isa = PBXFileReference; lastKnownFileType = sourcecode.swift; path = "String+Extensions.swift"; sourceTree = "<group>"; };
		37F786A32850A1A700B5B720 /* ListViewModel.swift */ = {isa = PBXFileReference; lastKnownFileType = sourcecode.swift; path = ListViewModel.swift; sourceTree = "<group>"; };
/* End PBXFileReference section */

/* Begin PBXFrameworksBuildPhase section */
		375CFAE3284DF05C00B80FA9 /* Frameworks */ = {
			isa = PBXFrameworksBuildPhase;
			buildActionMask = 2147483647;
			files = (
				37F786A92850DBBB00B5B720 /* OrderedCollections in Frameworks */,
				37F786A72850DBBB00B5B720 /* Collections in Frameworks */,
			);
			runOnlyForDeploymentPostprocessing = 0;
		};
/* End PBXFrameworksBuildPhase section */

/* Begin PBXGroup section */
		375CFADD284DF05C00B80FA9 = {
			isa = PBXGroup;
			children = (
				375CFAE8284DF05C00B80FA9 /* ExpensesTracker */,
				375CFAE7284DF05C00B80FA9 /* Products */,
			);
			sourceTree = "<group>";
		};
		375CFAE7284DF05C00B80FA9 /* Products */ = {
			isa = PBXGroup;
			children = (
				375CFAE6284DF05C00B80FA9 /* ExpensesTracker.app */,
			);
			name = Products;
			sourceTree = "<group>";
		};
		375CFAE8284DF05C00B80FA9 /* ExpensesTracker */ = {
			isa = PBXGroup;
			children = (
				375CFAF7284E045100B80FA9 /* ViewModels */,
				377621E6284F595C005180CB /* Other */,
				375CFAFB284E046600B80FA9 /* Models */,
				375CFAFA284E046300B80FA9 /* Views */,
				375CFAF9284E045E00B80FA9 /* CoreData */,
				375CFAF8284E045A00B80FA9 /* Extensions */,
				375CFAE9284DF05C00B80FA9 /* ExpensesTrackerApp.swift */,
				375CFAED284DF06300B80FA9 /* Assets.xcassets */,
				375CFAEF284DF06300B80FA9 /* Preview Content */,
			);
			path = ExpensesTracker;
			sourceTree = "<group>";
		};
		375CFAEF284DF06300B80FA9 /* Preview Content */ = {
			isa = PBXGroup;
			children = (
				375CFAF0284DF06300B80FA9 /* Preview Assets.xcassets */,
			);
			path = "Preview Content";
			sourceTree = "<group>";
		};
		375CFAF7284E045100B80FA9 /* ViewModels */ = {
			isa = PBXGroup;
			children = (
				377621EF284F8EA3005180CB /* CategoriesViewModel.swift */,
				37F786A32850A1A700B5B720 /* ListViewModel.swift */,
			);
			path = ViewModels;
			sourceTree = "<group>";
		};
		375CFAF8284E045A00B80FA9 /* Extensions */ = {
			isa = PBXGroup;
			children = (
				377621E4284F529A005180CB /* Color+Extensions.swift */,
				377621E9284F5A7A005180CB /* Button+Extensions.swift */,
				37CFA243285395FE00B59CA7 /* Date+Extensions.swift */,
				37CFA2452853967200B59CA7 /* Calendar+Extensions.swift */,
				37CFA2492858A8A200B59CA7 /* Image+Extensions.swift */,
				37CFA252287454F500B59CA7 /* String+Extensions.swift */,
			);
			path = Extensions;
			sourceTree = "<group>";
		};
		375CFAF9284E045E00B80FA9 /* CoreData */ = {
			isa = PBXGroup;
			children = (
				375CFB02284E211800B80FA9 /* Expenses.xcdatamodeld */,
				377621F428507ECD005180CB /* CoreDataManager.swift */,
			);
			path = CoreData;
			sourceTree = "<group>";
		};
		375CFAFA284E046300B80FA9 /* Views */ = {
			isa = PBXGroup;
			children = (
				37CFA24F2858ADCE00B59CA7 /* ListView */,
				377621F1284FBB2C005180CB /* Reusable */,
				375CFAEB284DF05C00B80FA9 /* MainView.swift */,
				375CFAFC284E050A00B80FA9 /* ListView.swift */,
				375CFAFE284E052600B80FA9 /* InsightsView.swift */,
				375CFB00284E053100B80FA9 /* SettingsView.swift */,
				377621E2284F3FEC005180CB /* AddExpenseView.swift */,
				37CFA2502858D1D400B59CA7 /* AddCategoryView.swift */,
			);
			path = Views;
			sourceTree = "<group>";
		};
		375CFAFB284E046600B80FA9 /* Models */ = {
			isa = PBXGroup;
			children = (
				377621EB284F71D6005180CB /* Category.swift */,
				37CFA24728579EB500B59CA7 /* ChartData.swift */,
			);
			path = Models;
			sourceTree = "<group>";
		};
		377621E6284F595C005180CB /* Other */ = {
			isa = PBXGroup;
			children = (
				377621E7284F5992005180CB /* KeyboardNumbers.swift */,
			);
			path = Other;
			sourceTree = "<group>";
		};
		377621F1284FBB2C005180CB /* Reusable */ = {
			isa = PBXGroup;
			children = (
				377621F2284FBB3E005180CB /* SheetAddButton.swift */,
			);
			path = Reusable;
			sourceTree = "<group>";
		};
		37CFA24F2858ADCE00B59CA7 /* ListView */ = {
			isa = PBXGroup;
			children = (
				37CFA24D2858ADC900B59CA7 /* EntriesListHeaderView.swift */,
				37CFA24B2858ACB000B59CA7 /* EntriesListRowView.swift */,
			);
			path = ListView;
			sourceTree = "<group>";
		};
/* End PBXGroup section */

/* Begin PBXNativeTarget section */
		375CFAE5284DF05C00B80FA9 /* ExpensesTracker */ = {
			isa = PBXNativeTarget;
			buildConfigurationList = 375CFAF4284DF06300B80FA9 /* Build configuration list for PBXNativeTarget "ExpensesTracker" */;
			buildPhases = (
				375CFAE2284DF05C00B80FA9 /* Sources */,
				375CFAE3284DF05C00B80FA9 /* Frameworks */,
				375CFAE4284DF05C00B80FA9 /* Resources */,
			);
			buildRules = (
			);
			dependencies = (
			);
			name = ExpensesTracker;
			packageProductDependencies = (
				37F786A62850DBBB00B5B720 /* Collections */,
				37F786A82850DBBB00B5B720 /* OrderedCollections */,
			);
			productName = ExpensesTracker;
			productReference = 375CFAE6284DF05C00B80FA9 /* ExpensesTracker.app */;
			productType = "com.apple.product-type.application";
		};
/* End PBXNativeTarget section */

/* Begin PBXProject section */
		375CFADE284DF05C00B80FA9 /* Project object */ = {
			isa = PBXProject;
			attributes = {
				BuildIndependentTargetsInParallel = 1;
				LastSwiftUpdateCheck = 1330;
				LastUpgradeCheck = 1330;
				TargetAttributes = {
					375CFAE5284DF05C00B80FA9 = {
						CreatedOnToolsVersion = 13.3.1;
					};
				};
			};
			buildConfigurationList = 375CFAE1284DF05C00B80FA9 /* Build configuration list for PBXProject "ExpensesTracker" */;
			compatibilityVersion = "Xcode 13.0";
			developmentRegion = en;
			hasScannedForEncodings = 0;
			knownRegions = (
				en,
				Base,
			);
			mainGroup = 375CFADD284DF05C00B80FA9;
			packageReferences = (
				37F786A52850DBBB00B5B720 /* XCRemoteSwiftPackageReference "swift-collections" */,
			);
			productRefGroup = 375CFAE7284DF05C00B80FA9 /* Products */;
			projectDirPath = "";
			projectRoot = "";
			targets = (
				375CFAE5284DF05C00B80FA9 /* ExpensesTracker */,
			);
		};
/* End PBXProject section */

/* Begin PBXResourcesBuildPhase section */
		375CFAE4284DF05C00B80FA9 /* Resources */ = {
			isa = PBXResourcesBuildPhase;
			buildActionMask = 2147483647;
			files = (
				375CFAF1284DF06300B80FA9 /* Preview Assets.xcassets in Resources */,
				375CFAEE284DF06300B80FA9 /* Assets.xcassets in Resources */,
			);
			runOnlyForDeploymentPostprocessing = 0;
		};
/* End PBXResourcesBuildPhase section */

/* Begin PBXSourcesBuildPhase section */
		375CFAE2284DF05C00B80FA9 /* Sources */ = {
			isa = PBXSourcesBuildPhase;
			buildActionMask = 2147483647;
			files = (
				37CFA24C2858ACB000B59CA7 /* EntriesListRowView.swift in Sources */,
				37CFA24E2858ADC900B59CA7 /* EntriesListHeaderView.swift in Sources */,
				375CFB01284E053100B80FA9 /* SettingsView.swift in Sources */,
				377621EA284F5A7A005180CB /* Button+Extensions.swift in Sources */,
				375CFAEC284DF05C00B80FA9 /* MainView.swift in Sources */,
				375CFAFF284E052600B80FA9 /* InsightsView.swift in Sources */,
				37CFA24A2858A8A200B59CA7 /* Image+Extensions.swift in Sources */,
				37CFA24828579EB500B59CA7 /* ChartData.swift in Sources */,
				377621E5284F529A005180CB /* Color+Extensions.swift in Sources */,
				37F786A42850A1A700B5B720 /* ListViewModel.swift in Sources */,
				375CFAEA284DF05C00B80FA9 /* ExpensesTrackerApp.swift in Sources */,
				377621F3284FBB3E005180CB /* SheetAddButton.swift in Sources */,
				37CFA2462853967200B59CA7 /* Calendar+Extensions.swift in Sources */,
				377621E3284F3FEC005180CB /* AddExpenseView.swift in Sources */,
				37CFA244285395FE00B59CA7 /* Date+Extensions.swift in Sources */,
				375CFB04284E211800B80FA9 /* Expenses.xcdatamodeld in Sources */,
				377621F0284F8EA3005180CB /* CategoriesViewModel.swift in Sources */,
				377621E8284F5992005180CB /* KeyboardNumbers.swift in Sources */,
				375CFAFD284E050A00B80FA9 /* ListView.swift in Sources */,
				37CFA253287454F500B59CA7 /* String+Extensions.swift in Sources */,
				377621F528507ECD005180CB /* CoreDataManager.swift in Sources */,
				37CFA2512858D1D400B59CA7 /* AddCategoryView.swift in Sources */,
				377621EC284F71D6005180CB /* Category.swift in Sources */,
			);
			runOnlyForDeploymentPostprocessing = 0;
		};
/* End PBXSourcesBuildPhase section */

/* Begin XCBuildConfiguration section */
		375CFAF2284DF06300B80FA9 /* Debug */ = {
			isa = XCBuildConfiguration;
			buildSettings = {
				ALWAYS_SEARCH_USER_PATHS = NO;
				CLANG_ANALYZER_NONNULL = YES;
				CLANG_ANALYZER_NUMBER_OBJECT_CONVERSION = YES_AGGRESSIVE;
				CLANG_CXX_LANGUAGE_STANDARD = "gnu++17";
				CLANG_ENABLE_MODULES = YES;
				CLANG_ENABLE_OBJC_ARC = YES;
				CLANG_ENABLE_OBJC_WEAK = YES;
				CLANG_WARN_BLOCK_CAPTURE_AUTORELEASING = YES;
				CLANG_WARN_BOOL_CONVERSION = YES;
				CLANG_WARN_COMMA = YES;
				CLANG_WARN_CONSTANT_CONVERSION = YES;
				CLANG_WARN_DEPRECATED_OBJC_IMPLEMENTATIONS = YES;
				CLANG_WARN_DIRECT_OBJC_ISA_USAGE = YES_ERROR;
				CLANG_WARN_DOCUMENTATION_COMMENTS = YES;
				CLANG_WARN_EMPTY_BODY = YES;
				CLANG_WARN_ENUM_CONVERSION = YES;
				CLANG_WARN_INFINITE_RECURSION = YES;
				CLANG_WARN_INT_CONVERSION = YES;
				CLANG_WARN_NON_LITERAL_NULL_CONVERSION = YES;
				CLANG_WARN_OBJC_IMPLICIT_RETAIN_SELF = YES;
				CLANG_WARN_OBJC_LITERAL_CONVERSION = YES;
				CLANG_WARN_OBJC_ROOT_CLASS = YES_ERROR;
				CLANG_WARN_QUOTED_INCLUDE_IN_FRAMEWORK_HEADER = YES;
				CLANG_WARN_RANGE_LOOP_ANALYSIS = YES;
				CLANG_WARN_STRICT_PROTOTYPES = YES;
				CLANG_WARN_SUSPICIOUS_MOVE = YES;
				CLANG_WARN_UNGUARDED_AVAILABILITY = YES_AGGRESSIVE;
				CLANG_WARN_UNREACHABLE_CODE = YES;
				CLANG_WARN__DUPLICATE_METHOD_MATCH = YES;
				COPY_PHASE_STRIP = NO;
				DEBUG_INFORMATION_FORMAT = dwarf;
				ENABLE_STRICT_OBJC_MSGSEND = YES;
				ENABLE_TESTABILITY = YES;
				GCC_C_LANGUAGE_STANDARD = gnu11;
				GCC_DYNAMIC_NO_PIC = NO;
				GCC_NO_COMMON_BLOCKS = YES;
				GCC_OPTIMIZATION_LEVEL = 0;
				GCC_PREPROCESSOR_DEFINITIONS = (
					"DEBUG=1",
					"$(inherited)",
				);
				GCC_WARN_64_TO_32_BIT_CONVERSION = YES;
				GCC_WARN_ABOUT_RETURN_TYPE = YES_ERROR;
				GCC_WARN_UNDECLARED_SELECTOR = YES;
				GCC_WARN_UNINITIALIZED_AUTOS = YES_AGGRESSIVE;
				GCC_WARN_UNUSED_FUNCTION = YES;
				GCC_WARN_UNUSED_VARIABLE = YES;
				IPHONEOS_DEPLOYMENT_TARGET = 15.4;
				MTL_ENABLE_DEBUG_INFO = INCLUDE_SOURCE;
				MTL_FAST_MATH = YES;
				ONLY_ACTIVE_ARCH = YES;
				SDKROOT = iphoneos;
				SWIFT_ACTIVE_COMPILATION_CONDITIONS = DEBUG;
				SWIFT_OPTIMIZATION_LEVEL = "-Onone";
			};
			name = Debug;
		};
		375CFAF3284DF06300B80FA9 /* Release */ = {
			isa = XCBuildConfiguration;
			buildSettings = {
				ALWAYS_SEARCH_USER_PATHS = NO;
				CLANG_ANALYZER_NONNULL = YES;
				CLANG_ANALYZER_NUMBER_OBJECT_CONVERSION = YES_AGGRESSIVE;
				CLANG_CXX_LANGUAGE_STANDARD = "gnu++17";
				CLANG_ENABLE_MODULES = YES;
				CLANG_ENABLE_OBJC_ARC = YES;
				CLANG_ENABLE_OBJC_WEAK = YES;
				CLANG_WARN_BLOCK_CAPTURE_AUTORELEASING = YES;
				CLANG_WARN_BOOL_CONVERSION = YES;
				CLANG_WARN_COMMA = YES;
				CLANG_WARN_CONSTANT_CONVERSION = YES;
				CLANG_WARN_DEPRECATED_OBJC_IMPLEMENTATIONS = YES;
				CLANG_WARN_DIRECT_OBJC_ISA_USAGE = YES_ERROR;
				CLANG_WARN_DOCUMENTATION_COMMENTS = YES;
				CLANG_WARN_EMPTY_BODY = YES;
				CLANG_WARN_ENUM_CONVERSION = YES;
				CLANG_WARN_INFINITE_RECURSION = YES;
				CLANG_WARN_INT_CONVERSION = YES;
				CLANG_WARN_NON_LITERAL_NULL_CONVERSION = YES;
				CLANG_WARN_OBJC_IMPLICIT_RETAIN_SELF = YES;
				CLANG_WARN_OBJC_LITERAL_CONVERSION = YES;
				CLANG_WARN_OBJC_ROOT_CLASS = YES_ERROR;
				CLANG_WARN_QUOTED_INCLUDE_IN_FRAMEWORK_HEADER = YES;
				CLANG_WARN_RANGE_LOOP_ANALYSIS = YES;
				CLANG_WARN_STRICT_PROTOTYPES = YES;
				CLANG_WARN_SUSPICIOUS_MOVE = YES;
				CLANG_WARN_UNGUARDED_AVAILABILITY = YES_AGGRESSIVE;
				CLANG_WARN_UNREACHABLE_CODE = YES;
				CLANG_WARN__DUPLICATE_METHOD_MATCH = YES;
				COPY_PHASE_STRIP = NO;
				DEBUG_INFORMATION_FORMAT = "dwarf-with-dsym";
				ENABLE_NS_ASSERTIONS = NO;
				ENABLE_STRICT_OBJC_MSGSEND = YES;
				GCC_C_LANGUAGE_STANDARD = gnu11;
				GCC_NO_COMMON_BLOCKS = YES;
				GCC_WARN_64_TO_32_BIT_CONVERSION = YES;
				GCC_WARN_ABOUT_RETURN_TYPE = YES_ERROR;
				GCC_WARN_UNDECLARED_SELECTOR = YES;
				GCC_WARN_UNINITIALIZED_AUTOS = YES_AGGRESSIVE;
				GCC_WARN_UNUSED_FUNCTION = YES;
				GCC_WARN_UNUSED_VARIABLE = YES;
				IPHONEOS_DEPLOYMENT_TARGET = 15.4;
				MTL_ENABLE_DEBUG_INFO = NO;
				MTL_FAST_MATH = YES;
				SDKROOT = iphoneos;
				SWIFT_COMPILATION_MODE = wholemodule;
				SWIFT_OPTIMIZATION_LEVEL = "-O";
				VALIDATE_PRODUCT = YES;
			};
			name = Release;
		};
		375CFAF5284DF06300B80FA9 /* Debug */ = {
			isa = XCBuildConfiguration;
			buildSettings = {
				ASSETCATALOG_COMPILER_APPICON_NAME = AppIcon;
				ASSETCATALOG_COMPILER_GLOBAL_ACCENT_COLOR_NAME = AccentColor;
				CODE_SIGN_STYLE = Automatic;
				CURRENT_PROJECT_VERSION = 1;
				DEVELOPMENT_ASSET_PATHS = "\"ExpensesTracker/Preview Content\"";
				DEVELOPMENT_TEAM = 4B76WUX67Y;
				ENABLE_PREVIEWS = YES;
				GENERATE_INFOPLIST_FILE = YES;
				INFOPLIST_KEY_UIApplicationSceneManifest_Generation = YES;
				INFOPLIST_KEY_UIApplicationSupportsIndirectInputEvents = YES;
				INFOPLIST_KEY_UILaunchScreen_Generation = YES;
				INFOPLIST_KEY_UISupportedInterfaceOrientations_iPad = "UIInterfaceOrientationPortrait UIInterfaceOrientationPortraitUpsideDown UIInterfaceOrientationLandscapeLeft UIInterfaceOrientationLandscapeRight";
				INFOPLIST_KEY_UISupportedInterfaceOrientations_iPhone = "UIInterfaceOrientationPortrait UIInterfaceOrientationLandscapeLeft UIInterfaceOrientationLandscapeRight";
				LD_RUNPATH_SEARCH_PATHS = (
					"$(inherited)",
					"@executable_path/Frameworks",
				);
				MARKETING_VERSION = 1.0;
				PRODUCT_BUNDLE_IDENTIFIER = com.kamilskrzynski.ExpensesTracker;
				PRODUCT_NAME = "$(TARGET_NAME)";
				SWIFT_EMIT_LOC_STRINGS = YES;
				SWIFT_VERSION = 5.0;
				TARGETED_DEVICE_FAMILY = "1,2";
			};
			name = Debug;
		};
		375CFAF6284DF06300B80FA9 /* Release */ = {
			isa = XCBuildConfiguration;
			buildSettings = {
				ASSETCATALOG_COMPILER_APPICON_NAME = AppIcon;
				ASSETCATALOG_COMPILER_GLOBAL_ACCENT_COLOR_NAME = AccentColor;
				CODE_SIGN_STYLE = Automatic;
				CURRENT_PROJECT_VERSION = 1;
				DEVELOPMENT_ASSET_PATHS = "\"ExpensesTracker/Preview Content\"";
				DEVELOPMENT_TEAM = 4B76WUX67Y;
				ENABLE_PREVIEWS = YES;
				GENERATE_INFOPLIST_FILE = YES;
				INFOPLIST_KEY_UIApplicationSceneManifest_Generation = YES;
				INFOPLIST_KEY_UIApplicationSupportsIndirectInputEvents = YES;
				INFOPLIST_KEY_UILaunchScreen_Generation = YES;
				INFOPLIST_KEY_UISupportedInterfaceOrientations_iPad = "UIInterfaceOrientationPortrait UIInterfaceOrientationPortraitUpsideDown UIInterfaceOrientationLandscapeLeft UIInterfaceOrientationLandscapeRight";
				INFOPLIST_KEY_UISupportedInterfaceOrientations_iPhone = "UIInterfaceOrientationPortrait UIInterfaceOrientationLandscapeLeft UIInterfaceOrientationLandscapeRight";
				LD_RUNPATH_SEARCH_PATHS = (
					"$(inherited)",
					"@executable_path/Frameworks",
				);
				MARKETING_VERSION = 1.0;
				PRODUCT_BUNDLE_IDENTIFIER = com.kamilskrzynski.ExpensesTracker;
				PRODUCT_NAME = "$(TARGET_NAME)";
				SWIFT_EMIT_LOC_STRINGS = YES;
				SWIFT_VERSION = 5.0;
				TARGETED_DEVICE_FAMILY = "1,2";
			};
			name = Release;
		};
/* End XCBuildConfiguration section */

/* Begin XCConfigurationList section */
		375CFAE1284DF05C00B80FA9 /* Build configuration list for PBXProject "ExpensesTracker" */ = {
			isa = XCConfigurationList;
			buildConfigurations = (
				375CFAF2284DF06300B80FA9 /* Debug */,
				375CFAF3284DF06300B80FA9 /* Release */,
			);
			defaultConfigurationIsVisible = 0;
			defaultConfigurationName = Release;
		};
		375CFAF4284DF06300B80FA9 /* Build configuration list for PBXNativeTarget "ExpensesTracker" */ = {
			isa = XCConfigurationList;
			buildConfigurations = (
				375CFAF5284DF06300B80FA9 /* Debug */,
				375CFAF6284DF06300B80FA9 /* Release */,
			);
			defaultConfigurationIsVisible = 0;
			defaultConfigurationName = Release;
		};
/* End XCConfigurationList section */

/* Begin XCRemoteSwiftPackageReference section */
		37F786A52850DBBB00B5B720 /* XCRemoteSwiftPackageReference "swift-collections" */ = {
			isa = XCRemoteSwiftPackageReference;
			repositoryURL = "https://github.com/apple/swift-collections.git";
			requirement = {
				kind = upToNextMajorVersion;
				minimumVersion = 1.0.0;
			};
		};
/* End XCRemoteSwiftPackageReference section */

/* Begin XCSwiftPackageProductDependency section */
		37F786A62850DBBB00B5B720 /* Collections */ = {
			isa = XCSwiftPackageProductDependency;
			package = 37F786A52850DBBB00B5B720 /* XCRemoteSwiftPackageReference "swift-collections" */;
			productName = Collections;
		};
		37F786A82850DBBB00B5B720 /* OrderedCollections */ = {
			isa = XCSwiftPackageProductDependency;
			package = 37F786A52850DBBB00B5B720 /* XCRemoteSwiftPackageReference "swift-collections" */;
			productName = OrderedCollections;
		};
/* End XCSwiftPackageProductDependency section */

/* Begin XCVersionGroup section */
		375CFB02284E211800B80FA9 /* Expenses.xcdatamodeld */ = {
			isa = XCVersionGroup;
			children = (
				375CFB03284E211800B80FA9 /* Expenses.xcdatamodel */,
			);
			currentVersion = 375CFB03284E211800B80FA9 /* Expenses.xcdatamodel */;
			path = Expenses.xcdatamodeld;
			sourceTree = "<group>";
			versionGroupType = wrapper.xcdatamodel;
		};
/* End XCVersionGroup section */
	};
	rootObject = 375CFADE284DF05C00B80FA9 /* Project object */;
}
